
Microsoft Visual Studio Solution File, Format Version 12.00
# Visual Studio Version 16
VisualStudioVersion = 16.0.31515.178
MinimumVisualStudioVersion = 10.0.40219.1
Project("{9A19103F-16F7-4668-BE54-9A1E7A4F7556}") = "PatientLabTestAPI", "PatientLabTestAPI\PatientLabTestAPI.csproj", "{5198224E-57FB-40CC-B6B0-0CF960F87805}"
EndProject
Project("{9A19103F-16F7-4668-BE54-9A1E7A4F7556}") = "PatientLabTestAPI.Models", "PatientLabTestAPI.Models\PatientLabTestAPI.Models.csproj", "{3DE7D5FC-BDF4-4CA9-BD69-AA8AAD5EE205}"
EndProject
Project("{9A19103F-16F7-4668-BE54-9A1E7A4F7556}") = "PatientLabTestAPI.DataContext", "PatientLabTestAPI.DataContext\PatientLabTestAPI.DataContext.csproj", "{D7D1EECB-D1E2-422F-9927-C00E64A8A673}"
EndProject
Project("{9A19103F-16F7-4668-BE54-9A1E7A4F7556}") = "PatientLabTestAPI.Register", "PatientLabTestAPI.Register\PatientLabTestAPI.Register.csproj", "{C0AD9D73-0781-4D74-8A97-5AD3CC637887}"
EndProject
Project("{9A19103F-16F7-4668-BE54-9A1E7A4F7556}") = "PatientLabTestAPI.Repository", "PatientLabTestAPI.Repository\PatientLabTestAPI.Repository.csproj", "{71D0C20D-55E8-4755-BD6A-ECC736BA328C}"
EndProject
Project("{9A19103F-16F7-4668-BE54-9A1E7A4F7556}") = "PatientLabTestAPI.Services", "PatientLabTestAPI.Services\PatientLabTestAPI.Services.csproj", "{2D1E7275-7407-4248-9ACC-8940FCC0AA33}"
EndProject
Project("{9A19103F-16F7-4668-BE54-9A1E7A4F7556}") = "PatientLabTestAPI.Common", "PatientLabTestAPI.Common\PatientLabTestAPI.Common.csproj", "{9D027BD9-57A9-4BCA-8449-34E52F71B9B2}"
EndProject
Project("{9A19103F-16F7-4668-BE54-9A1E7A4F7556}") = "PatientLabTestAPI.Dto", "PatientLabTestAPI.Dto\PatientLabTestAPI.Dto.csproj", "{0184F655-0058-4D38-9B3F-AFA72CD290C7}"
EndProject
Project("{9A19103F-16F7-4668-BE54-9A1E7A4F7556}") = "PatientLabTestAPI.Mapper", "PatientLabTestAPI.Mapper\PatientLabTestAPI.Mapper.csproj", "{04BB0648-78F0-48A9-930B-046C01B167E3}"
EndProject
Project("{9A19103F-16F7-4668-BE54-9A1E7A4F7556}") = "PatientLabTestAPI.Jwt", "PatientLabTestAPI.Jwt\PatientLabTestAPI.Jwt.csproj", "{628799D7-01FC-482D-B7C3-DDDA8BD99046}"
EndProject
Project("{9A19103F-16F7-4668-BE54-9A1E7A4F7556}") = "PatientLabResultAPI.Cache", "PatientLabResultAPI.Cache\PatientLabResultAPI.Cache.csproj", "{E5E63E1A-EE7B-40C7-9325-B1E26940FF9F}"
EndProject
Project("{9A19103F-16F7-4668-BE54-9A1E7A4F7556}") = "PatientLabTestAPI.UnitTest", "PatientLabTestAPI.UnitTest\PatientLabTestAPI.UnitTest.csproj", "{D3858446-231F-4749-92D8-2CABE1416116}"
EndProject
Project("{FAE04EC0-301F-11D3-BF4B-00C04F79EFBC}") = "PatientLabTestAPI.IntegrationTest", "PatientLabTestAPI.IntegrationTest\PatientLabTestAPI.IntegrationTest.csproj", "{2782E11F-7879-4C84-B548-248D42E2FCAF}"
EndProject
Global
	GlobalSection(SolutionConfigurationPlatforms) = preSolution
		Debug|Any CPU = Debug|Any CPU
		Release|Any CPU = Release|Any CPU
	EndGlobalSection
	GlobalSection(ProjectConfigurationPlatforms) = postSolution
		{5198224E-57FB-40CC-B6B0-0CF960F87805}.Debug|Any CPU.ActiveCfg = Debug|Any CPU
		{5198224E-57FB-40CC-B6B0-0CF960F87805}.Debug|Any CPU.Build.0 = Debug|Any CPU
		{5198224E-57FB-40CC-B6B0-0CF960F87805}.Release|Any CPU.ActiveCfg = Release|Any CPU
		{5198224E-57FB-40CC-B6B0-0CF960F87805}.Release|Any CPU.Build.0 = Release|Any CPU
		{3DE7D5FC-BDF4-4CA9-BD69-AA8AAD5EE205}.Debug|Any CPU.ActiveCfg = Debug|Any CPU
		{3DE7D5FC-BDF4-4CA9-BD69-AA8AAD5EE205}.Debug|Any CPU.Build.0 = Debug|Any CPU
		{3DE7D5FC-BDF4-4CA9-BD69-AA8AAD5EE205}.Release|Any CPU.ActiveCfg = Release|Any CPU
		{3DE7D5FC-BDF4-4CA9-BD69-AA8AAD5EE205}.Release|Any CPU.Build.0 = Release|Any CPU
		{D7D1EECB-D1E2-422F-9927-C00E64A8A673}.Debug|Any CPU.ActiveCfg = Debug|Any CPU
		{D7D1EECB-D1E2-422F-9927-C00E64A8A673}.Debug|Any CPU.Build.0 = Debug|Any CPU
		{D7D1EECB-D1E2-422F-9927-C00E64A8A673}.Release|Any CPU.ActiveCfg = Release|Any CPU
		{D7D1EECB-D1E2-422F-9927-C00E64A8A673}.Release|Any CPU.Build.0 = Release|Any CPU
		{C0AD9D73-0781-4D74-8A97-5AD3CC637887}.Debug|Any CPU.ActiveCfg = Debug|Any CPU
		{C0AD9D73-0781-4D74-8A97-5AD3CC637887}.Debug|Any CPU.Build.0 = Debug|Any CPU
		{C0AD9D73-0781-4D74-8A97-5AD3CC637887}.Release|Any CPU.ActiveCfg = Release|Any CPU
		{C0AD9D73-0781-4D74-8A97-5AD3CC637887}.Release|Any CPU.Build.0 = Release|Any CPU
		{71D0C20D-55E8-4755-BD6A-ECC736BA328C}.Debug|Any CPU.ActiveCfg = Debug|Any CPU
		{71D0C20D-55E8-4755-BD6A-ECC736BA328C}.Debug|Any CPU.Build.0 = Debug|Any CPU
		{71D0C20D-55E8-4755-BD6A-ECC736BA328C}.Release|Any CPU.ActiveCfg = Release|Any CPU
		{71D0C20D-55E8-4755-BD6A-ECC736BA328C}.Release|Any CPU.Build.0 = Release|Any CPU
		{2D1E7275-7407-4248-9ACC-8940FCC0AA33}.Debug|Any CPU.ActiveCfg = Debug|Any CPU
		{2D1E7275-7407-4248-9ACC-8940FCC0AA33}.Debug|Any CPU.Build.0 = Debug|Any CPU
		{2D1E7275-7407-4248-9ACC-8940FCC0AA33}.Release|Any CPU.ActiveCfg = Release|Any CPU
		{2D1E7275-7407-4248-9ACC-8940FCC0AA33}.Release|Any CPU.Build.0 = Release|Any CPU
		{9D027BD9-57A9-4BCA-8449-34E52F71B9B2}.Debug|Any CPU.ActiveCfg = Debug|Any CPU
		{9D027BD9-57A9-4BCA-8449-34E52F71B9B2}.Debug|Any CPU.Build.0 = Debug|Any CPU
		{9D027BD9-57A9-4BCA-8449-34E52F71B9B2}.Release|Any CPU.ActiveCfg = Release|Any CPU
		{9D027BD9-57A9-4BCA-8449-34E52F71B9B2}.Release|Any CPU.Build.0 = Release|Any CPU
		{0184F655-0058-4D38-9B3F-AFA72CD290C7}.Debug|Any CPU.ActiveCfg = Debug|Any CPU
		{0184F655-0058-4D38-9B3F-AFA72CD290C7}.Debug|Any CPU.Build.0 = Debug|Any CPU
		{0184F655-0058-4D38-9B3F-AFA72CD290C7}.Release|Any CPU.ActiveCfg = Release|Any CPU
		{0184F655-0058-4D38-9B3F-AFA72CD290C7}.Release|Any CPU.Build.0 = Release|Any CPU
		{04BB0648-78F0-48A9-930B-046C01B167E3}.Debug|Any CPU.ActiveCfg = Debug|Any CPU
		{04BB0648-78F0-48A9-930B-046C01B167E3}.Debug|Any CPU.Build.0 = Debug|Any CPU
		{04BB0648-78F0-48A9-930B-046C01B167E3}.Release|Any CPU.ActiveCfg = Release|Any CPU
		{04BB0648-78F0-48A9-930B-046C01B167E3}.Release|Any CPU.Build.0 = Release|Any CPU
		{628799D7-01FC-482D-B7C3-DDDA8BD99046}.Debug|Any CPU.ActiveCfg = Debug|Any CPU
		{628799D7-01FC-482D-B7C3-DDDA8BD99046}.Debug|Any CPU.Build.0 = Debug|Any CPU
		{628799D7-01FC-482D-B7C3-DDDA8BD99046}.Release|Any CPU.ActiveCfg = Release|Any CPU
		{628799D7-01FC-482D-B7C3-DDDA8BD99046}.Release|Any CPU.Build.0 = Release|Any CPU
		{E5E63E1A-EE7B-40C7-9325-B1E26940FF9F}.Debug|Any CPU.ActiveCfg = Debug|Any CPU
		{E5E63E1A-EE7B-40C7-9325-B1E26940FF9F}.Debug|Any CPU.Build.0 = Debug|Any CPU
		{E5E63E1A-EE7B-40C7-9325-B1E26940FF9F}.Release|Any CPU.ActiveCfg = Release|Any CPU
		{E5E63E1A-EE7B-40C7-9325-B1E26940FF9F}.Release|Any CPU.Build.0 = Release|Any CPU
		{D3858446-231F-4749-92D8-2CABE1416116}.Debug|Any CPU.ActiveCfg = Debug|Any CPU
		{D3858446-231F-4749-92D8-2CABE1416116}.Debug|Any CPU.Build.0 = Debug|Any CPU
		{D3858446-231F-4749-92D8-2CABE1416116}.Release|Any CPU.ActiveCfg = Release|Any CPU
		{D3858446-231F-4749-92D8-2CABE1416116}.Release|Any CPU.Build.0 = Release|Any CPU
		{2782E11F-7879-4C84-B548-248D42E2FCAF}.Debug|Any CPU.ActiveCfg = Debug|Any CPU
		{2782E11F-7879-4C84-B548-248D42E2FCAF}.Debug|Any CPU.Build.0 = Debug|Any CPU
		{2782E11F-7879-4C84-B548-248D42E2FCAF}.Release|Any CPU.ActiveCfg = Release|Any CPU
		{2782E11F-7879-4C84-B548-248D42E2FCAF}.Release|Any CPU.Build.0 = Release|Any CPU
	EndGlobalSection
	GlobalSection(SolutionProperties) = preSolution
		HideSolutionNode = FALSE
	EndGlobalSection
	GlobalSection(ExtensibilityGlobals) = postSolution
		SolutionGuid = {2879AB96-4FCA-4EBA-934A-C67DDF77126A}
	EndGlobalSection
EndGlobal
